
Microsoft Visual Studio Solution File, Format Version 12.00
# Visual Studio Version 17
VisualStudioVersion = 17.0.31903.59
MinimumVisualStudioVersion = 10.0.40219.1
Project("{2150E333-8FDC-42A3-9474-1A3956D46DE8}") = "src", "src", "{827E0CD3-B72D-47B6-A68D-7590B98EB39B}"
EndProject
Project("{2150E333-8FDC-42A3-9474-1A3956D46DE8}") = "Core", "Core", "{8D626EA8-CB54-BC41-363A-217881BEBA6E}"
EndProject
Project("{FAE04EC0-301F-11D3-BF4B-00C04F79EFBC}") = "TiendaRepuestos.Domain", "src\Core\TiendaRepuestos.Domain\TiendaRepuestos.Domain.csproj", "{AE81BAF2-374F-4636-88F5-CABF72F2B4A5}"
EndProject
Project("{FAE04EC0-301F-11D3-BF4B-00C04F79EFBC}") = "TiendaRepuestos.Application", "src\Core\TiendaRepuestos.Application\TiendaRepuestos.Application.csproj", "{515F1CAF-27D5-44E5-801F-3587380CC924}"
EndProject
Project("{2150E333-8FDC-42A3-9474-1A3956D46DE8}") = "Infrastructure", "Infrastructure", "{9048EB7F-3875-A59E-E36B-5BD4C6F2A282}"
EndProject
Project("{FAE04EC0-301F-11D3-BF4B-00C04F79EFBC}") = "TiendaRepuestos.Infrastructure", "src\Infrastructure\TiendaRepuestos.Infrastructure\TiendaRepuestos.Infrastructure.csproj", "{07A27235-BC09-4A1F-BDFC-038E612E9A6A}"
EndProject
Project("{2150E333-8FDC-42A3-9474-1A3956D46DE8}") = "Adapters", "Adapters", "{3E9C3776-17C9-28DE-3735-A8B9F121C183}"
EndProject
Project("{FAE04EC0-301F-11D3-BF4B-00C04F79EFBC}") = "TiendaRepuestos.Api", "src\Adapters\TiendaRepuestos.Api\TiendaRepuestos.Api.csproj", "{8CCF4C73-15D0-46DF-BD8A-6C3352C98938}"
EndProject
Project("{2150E333-8FDC-42A3-9474-1A3956D46DE8}") = "tests", "tests", "{0AB3BF05-4346-4AA6-1389-037BE0695223}"
EndProject
Project("{FAE04EC0-301F-11D3-BF4B-00C04F79EFBC}") = "TiendaRepuestos.UnitTests", "tests\TiendaRepuestos.UnitTests\TiendaRepuestos.UnitTests.csproj", "{B02A942F-EBF5-42A3-9E8A-2C2E3D237B68}"
EndProject
Global
	GlobalSection(SolutionConfigurationPlatforms) = preSolution
		Debug|Any CPU = Debug|Any CPU
		Debug|x64 = Debug|x64
		Debug|x86 = Debug|x86
		Release|Any CPU = Release|Any CPU
		Release|x64 = Release|x64
		Release|x86 = Release|x86
	EndGlobalSection
	GlobalSection(ProjectConfigurationPlatforms) = postSolution
		{AE81BAF2-374F-4636-88F5-CABF72F2B4A5}.Debug|Any CPU.ActiveCfg = Debug|Any CPU
		{AE81BAF2-374F-4636-88F5-CABF72F2B4A5}.Debug|Any CPU.Build.0 = Debug|Any CPU
		{AE81BAF2-374F-4636-88F5-CABF72F2B4A5}.Debug|x64.ActiveCfg = Debug|Any CPU
		{AE81BAF2-374F-4636-88F5-CABF72F2B4A5}.Debug|x64.Build.0 = Debug|Any CPU
		{AE81BAF2-374F-4636-88F5-CABF72F2B4A5}.Debug|x86.ActiveCfg = Debug|Any CPU
		{AE81BAF2-374F-4636-88F5-CABF72F2B4A5}.Debug|x86.Build.0 = Debug|Any CPU
		{AE81BAF2-374F-4636-88F5-CABF72F2B4A5}.Release|Any CPU.ActiveCfg = Release|Any CPU
		{AE81BAF2-374F-4636-88F5-CABF72F2B4A5}.Release|Any CPU.Build.0 = Release|Any CPU
		{AE81BAF2-374F-4636-88F5-CABF72F2B4A5}.Release|x64.ActiveCfg = Release|Any CPU
		{AE81BAF2-374F-4636-88F5-CABF72F2B4A5}.Release|x64.Build.0 = Release|Any CPU
		{AE81BAF2-374F-4636-88F5-CABF72F2B4A5}.Release|x86.ActiveCfg = Release|Any CPU
		{AE81BAF2-374F-4636-88F5-CABF72F2B4A5}.Release|x86.Build.0 = Release|Any CPU
		{515F1CAF-27D5-44E5-801F-3587380CC924}.Debug|Any CPU.ActiveCfg = Debug|Any CPU
		{515F1CAF-27D5-44E5-801F-3587380CC924}.Debug|Any CPU.Build.0 = Debug|Any CPU
		{515F1CAF-27D5-44E5-801F-3587380CC924}.Debug|x64.ActiveCfg = Debug|Any CPU
		{515F1CAF-27D5-44E5-801F-3587380CC924}.Debug|x64.Build.0 = Debug|Any CPU
		{515F1CAF-27D5-44E5-801F-3587380CC924}.Debug|x86.ActiveCfg = Debug|Any CPU
		{515F1CAF-27D5-44E5-801F-3587380CC924}.Debug|x86.Build.0 = Debug|Any CPU
		{515F1CAF-27D5-44E5-801F-3587380CC924}.Release|Any CPU.ActiveCfg = Release|Any CPU
		{515F1CAF-27D5-44E5-801F-3587380CC924}.Release|Any CPU.Build.0 = Release|Any CPU
		{515F1CAF-27D5-44E5-801F-3587380CC924}.Release|x64.ActiveCfg = Release|Any CPU
		{515F1CAF-27D5-44E5-801F-3587380CC924}.Release|x64.Build.0 = Release|Any CPU
		{515F1CAF-27D5-44E5-801F-3587380CC924}.Release|x86.ActiveCfg = Release|Any CPU
		{515F1CAF-27D5-44E5-801F-3587380CC924}.Release|x86.Build.0 = Release|Any CPU
		{07A27235-BC09-4A1F-BDFC-038E612E9A6A}.Debug|Any CPU.ActiveCfg = Debug|Any CPU
		{07A27235-BC09-4A1F-BDFC-038E612E9A6A}.Debug|Any CPU.Build.0 = Debug|Any CPU
		{07A27235-BC09-4A1F-BDFC-038E612E9A6A}.Debug|x64.ActiveCfg = Debug|Any CPU
		{07A27235-BC09-4A1F-BDFC-038E612E9A6A}.Debug|x64.Build.0 = Debug|Any CPU
		{07A27235-BC09-4A1F-BDFC-038E612E9A6A}.Debug|x86.ActiveCfg = Debug|Any CPU
		{07A27235-BC09-4A1F-BDFC-038E612E9A6A}.Debug|x86.Build.0 = Debug|Any CPU
		{07A27235-BC09-4A1F-BDFC-038E612E9A6A}.Release|Any CPU.ActiveCfg = Release|Any CPU
		{07A27235-BC09-4A1F-BDFC-038E612E9A6A}.Release|Any CPU.Build.0 = Release|Any CPU
		{07A27235-BC09-4A1F-BDFC-038E612E9A6A}.Release|x64.ActiveCfg = Release|Any CPU
		{07A27235-BC09-4A1F-BDFC-038E612E9A6A}.Release|x64.Build.0 = Release|Any CPU
		{07A27235-BC09-4A1F-BDFC-038E612E9A6A}.Release|x86.ActiveCfg = Release|Any CPU
		{07A27235-BC09-4A1F-BDFC-038E612E9A6A}.Release|x86.Build.0 = Release|Any CPU
		{8CCF4C73-15D0-46DF-BD8A-6C3352C98938}.Debug|Any CPU.ActiveCfg = Debug|Any CPU
		{8CCF4C73-15D0-46DF-BD8A-6C3352C98938}.Debug|Any CPU.Build.0 = Debug|Any CPU
		{8CCF4C73-15D0-46DF-BD8A-6C3352C98938}.Debug|x64.ActiveCfg = Debug|Any CPU
		{8CCF4C73-15D0-46DF-BD8A-6C3352C98938}.Debug|x64.Build.0 = Debug|Any CPU
		{8CCF4C73-15D0-46DF-BD8A-6C3352C98938}.Debug|x86.ActiveCfg = Debug|Any CPU
		{8CCF4C73-15D0-46DF-BD8A-6C3352C98938}.Debug|x86.Build.0 = Debug|Any CPU
		{8CCF4C73-15D0-46DF-BD8A-6C3352C98938}.Release|Any CPU.ActiveCfg = Release|Any CPU
		{8CCF4C73-15D0-46DF-BD8A-6C3352C98938}.Release|Any CPU.Build.0 = Release|Any CPU
		{8CCF4C73-15D0-46DF-BD8A-6C3352C98938}.Release|x64.ActiveCfg = Release|Any CPU
		{8CCF4C73-15D0-46DF-BD8A-6C3352C98938}.Release|x64.Build.0 = Release|Any CPU
		{8CCF4C73-15D0-46DF-BD8A-6C3352C98938}.Release|x86.ActiveCfg = Release|Any CPU
		{8CCF4C73-15D0-46DF-BD8A-6C3352C98938}.Release|x86.Build.0 = Release|Any CPU
		{B02A942F-EBF5-42A3-9E8A-2C2E3D237B68}.Debug|Any CPU.ActiveCfg = Debug|Any CPU
		{B02A942F-EBF5-42A3-9E8A-2C2E3D237B68}.Debug|Any CPU.Build.0 = Debug|Any CPU
		{B02A942F-EBF5-42A3-9E8A-2C2E3D237B68}.Debug|x64.ActiveCfg = Debug|Any CPU
		{B02A942F-EBF5-42A3-9E8A-2C2E3D237B68}.Debug|x64.Build.0 = Debug|Any CPU
		{B02A942F-EBF5-42A3-9E8A-2C2E3D237B68}.Debug|x86.ActiveCfg = Debug|Any CPU
		{B02A942F-EBF5-42A3-9E8A-2C2E3D237B68}.Debug|x86.Build.0 = Debug|Any CPU
		{B02A942F-EBF5-42A3-9E8A-2C2E3D237B68}.Release|Any CPU.ActiveCfg = Release|Any CPU
		{B02A942F-EBF5-42A3-9E8A-2C2E3D237B68}.Release|Any CPU.Build.0 = Release|Any CPU
		{B02A942F-EBF5-42A3-9E8A-2C2E3D237B68}.Release|x64.ActiveCfg = Release|Any CPU
		{B02A942F-EBF5-42A3-9E8A-2C2E3D237B68}.Release|x64.Build.0 = Release|Any CPU
		{B02A942F-EBF5-42A3-9E8A-2C2E3D237B68}.Release|x86.ActiveCfg = Release|Any CPU
		{B02A942F-EBF5-42A3-9E8A-2C2E3D237B68}.Release|x86.Build.0 = Release|Any CPU
	EndGlobalSection
	GlobalSection(SolutionProperties) = preSolution
		HideSolutionNode = FALSE
	EndGlobalSection
	GlobalSection(NestedProjects) = preSolution
		{8D626EA8-CB54-BC41-363A-217881BEBA6E} = {827E0CD3-B72D-47B6-A68D-7590B98EB39B}
		{AE81BAF2-374F-4636-88F5-CABF72F2B4A5} = {8D626EA8-CB54-BC41-363A-217881BEBA6E}
		{515F1CAF-27D5-44E5-801F-3587380CC924} = {8D626EA8-CB54-BC41-363A-217881BEBA6E}
		{9048EB7F-3875-A59E-E36B-5BD4C6F2A282} = {827E0CD3-B72D-47B6-A68D-7590B98EB39B}
		{07A27235-BC09-4A1F-BDFC-038E612E9A6A} = {9048EB7F-3875-A59E-E36B-5BD4C6F2A282}
		{3E9C3776-17C9-28DE-3735-A8B9F121C183} = {827E0CD3-B72D-47B6-A68D-7590B98EB39B}
		{8CCF4C73-15D0-46DF-BD8A-6C3352C98938} = {3E9C3776-17C9-28DE-3735-A8B9F121C183}
		{B02A942F-EBF5-42A3-9E8A-2C2E3D237B68} = {0AB3BF05-4346-4AA6-1389-037BE0695223}
	EndGlobalSection
EndGlobal
